// !$*UTF8*$!
{
	archiveVersion = 1;
	classes = {
	};
	objectVersion = 50;
	objects = {

/* Begin PBXBuildFile section */
		60120317207E117A007B5416 /* AppDelegate.swift in Sources */ = {isa = PBXBuildFile; fileRef = 60120316207E117A007B5416 /* AppDelegate.swift */; };
		6012031B207E117A007B5416 /* Document.swift in Sources */ = {isa = PBXBuildFile; fileRef = 6012031A207E117A007B5416 /* Document.swift */; };
		60120320207E117B007B5416 /* Main.storyboard in Resources */ = {isa = PBXBuildFile; fileRef = 6012031E207E117B007B5416 /* Main.storyboard */; };
		6012032C207E117B007B5416 /* EasyAssetsBuilderTests.swift in Sources */ = {isa = PBXBuildFile; fileRef = 6012032B207E117B007B5416 /* EasyAssetsBuilderTests.swift */; };
		60120337207E130A007B5416 /* WindowController.swift in Sources */ = {isa = PBXBuildFile; fileRef = 60120336207E130A007B5416 /* WindowController.swift */; };
		60120339207E22B4007B5416 /* RoundedRectView.swift in Sources */ = {isa = PBXBuildFile; fileRef = 60120338207E22B4007B5416 /* RoundedRectView.swift */; };
		6012033C207E2373007B5416 /* ImageViewController.swift in Sources */ = {isa = PBXBuildFile; fileRef = 6012033B207E2373007B5416 /* ImageViewController.swift */; };
		6012033F207E238F007B5416 /* DestinationView.swift in Sources */ = {isa = PBXBuildFile; fileRef = 6012033E207E238F007B5416 /* DestinationView.swift */; };
		60120344207E68E2007B5416 /* Default JSON in Resources */ = {isa = PBXBuildFile; fileRef = 60120343207E68E2007B5416 /* Default JSON */; };
		60120346207E6A2A007B5416 /* AssetBundleJSON.swift in Sources */ = {isa = PBXBuildFile; fileRef = 60120345207E6A2A007B5416 /* AssetBundleJSON.swift */; };
		60120351207E6AB9007B5416 /* Assets.xcassets in Resources */ = {isa = PBXBuildFile; fileRef = 6012034E207E6AB9007B5416 /* Assets.xcassets */; };
		60120354207E6B60007B5416 /* Models.swift in Sources */ = {isa = PBXBuildFile; fileRef = 60120353207E6B60007B5416 /* Models.swift */; };
/* End PBXBuildFile section */

/* Begin PBXContainerItemProxy section */
		60120328207E117B007B5416 /* PBXContainerItemProxy */ = {
			isa = PBXContainerItemProxy;
			containerPortal = 6012030B207E117A007B5416 /* Project object */;
			proxyType = 1;
			remoteGlobalIDString = 60120312207E117A007B5416;
			remoteInfo = EasyAssetsBuilder;
		};
/* End PBXContainerItemProxy section */

/* Begin PBXFileReference section */
		60120313207E117A007B5416 /* EasyAssetsBuilder.app */ = {isa = PBXFileReference; explicitFileType = wrapper.application; includeInIndex = 0; path = EasyAssetsBuilder.app; sourceTree = BUILT_PRODUCTS_DIR; };
		60120316207E117A007B5416 /* AppDelegate.swift */ = {isa = PBXFileReference; lastKnownFileType = sourcecode.swift; path = AppDelegate.swift; sourceTree = "<group>"; };
		6012031A207E117A007B5416 /* Document.swift */ = {isa = PBXFileReference; lastKnownFileType = sourcecode.swift; path = Document.swift; sourceTree = "<group>"; };
		6012031F207E117B007B5416 /* Base */ = {isa = PBXFileReference; lastKnownFileType = file.storyboard; name = Base; path = Base.lproj/Main.storyboard; sourceTree = "<group>"; };
		60120327207E117B007B5416 /* EasyAssetsBuilderTests.xctest */ = {isa = PBXFileReference; explicitFileType = wrapper.cfbundle; includeInIndex = 0; path = EasyAssetsBuilderTests.xctest; sourceTree = BUILT_PRODUCTS_DIR; };
		6012032B207E117B007B5416 /* EasyAssetsBuilderTests.swift */ = {isa = PBXFileReference; lastKnownFileType = sourcecode.swift; path = EasyAssetsBuilderTests.swift; sourceTree = "<group>"; };
		6012032D207E117B007B5416 /* Info.plist */ = {isa = PBXFileReference; lastKnownFileType = text.plist.xml; path = Info.plist; sourceTree = "<group>"; };
		60120336207E130A007B5416 /* WindowController.swift */ = {isa = PBXFileReference; lastKnownFileType = sourcecode.swift; path = WindowController.swift; sourceTree = "<group>"; };
		60120338207E22B4007B5416 /* RoundedRectView.swift */ = {isa = PBXFileReference; lastKnownFileType = sourcecode.swift; path = RoundedRectView.swift; sourceTree = "<group>"; };
		6012033B207E2373007B5416 /* ImageViewController.swift */ = {isa = PBXFileReference; lastKnownFileType = sourcecode.swift; path = ImageViewController.swift; sourceTree = "<group>"; };
		6012033E207E238F007B5416 /* DestinationView.swift */ = {isa = PBXFileReference; fileEncoding = 4; lastKnownFileType = sourcecode.swift; path = DestinationView.swift; sourceTree = "<group>"; };
		60120343207E68E2007B5416 /* Default JSON */ = {isa = PBXFileReference; lastKnownFileType = folder; path = "Default JSON"; sourceTree = "<group>"; };
		60120345207E6A2A007B5416 /* AssetBundleJSON.swift */ = {isa = PBXFileReference; lastKnownFileType = sourcecode.swift; path = AssetBundleJSON.swift; sourceTree = "<group>"; };
		6012034E207E6AB9007B5416 /* Assets.xcassets */ = {isa = PBXFileReference; lastKnownFileType = folder.assetcatalog; path = Assets.xcassets; sourceTree = "<group>"; };
		6012034F207E6AB9007B5416 /* EasyAssetsBuilder.entitlements */ = {isa = PBXFileReference; fileEncoding = 4; lastKnownFileType = text.plist.entitlements; path = EasyAssetsBuilder.entitlements; sourceTree = "<group>"; };
		60120353207E6B60007B5416 /* Models.swift */ = {isa = PBXFileReference; lastKnownFileType = sourcecode.swift; path = Models.swift; sourceTree = "<group>"; };
		60120357207F5006007B5416 /* Info.plist */ = {isa = PBXFileReference; fileEncoding = 4; lastKnownFileType = text.plist.xml; path = Info.plist; sourceTree = "<group>"; };
/* End PBXFileReference section */

/* Begin PBXFrameworksBuildPhase section */
		60120310207E117A007B5416 /* Frameworks */ = {
			isa = PBXFrameworksBuildPhase;
			buildActionMask = 2147483647;
			files = (
			);
			runOnlyForDeploymentPostprocessing = 0;
		};
		60120324207E117B007B5416 /* Frameworks */ = {
			isa = PBXFrameworksBuildPhase;
			buildActionMask = 2147483647;
			files = (
			);
			runOnlyForDeploymentPostprocessing = 0;
		};
/* End PBXFrameworksBuildPhase section */

/* Begin PBXGroup section */
		6012030A207E117A007B5416 = {
			isa = PBXGroup;
			children = (
				60120315207E117A007B5416 /* EasyAssetsBuilder */,
				6012032A207E117B007B5416 /* EasyAssetsBuilderTests */,
				60120314207E117A007B5416 /* Products */,
			);
			sourceTree = "<group>";
		};
		60120314207E117A007B5416 /* Products */ = {
			isa = PBXGroup;
			children = (
				60120313207E117A007B5416 /* EasyAssetsBuilder.app */,
				60120327207E117B007B5416 /* EasyAssetsBuilderTests.xctest */,
			);
			name = Products;
			sourceTree = "<group>";
		};
		60120315207E117A007B5416 /* EasyAssetsBuilder */ = {
			isa = PBXGroup;
			children = (
				60120357207F5006007B5416 /* Info.plist */,
				60120316207E117A007B5416 /* AppDelegate.swift */,
				6012031E207E117B007B5416 /* Main.storyboard */,
				60120347207E6A36007B5416 /* Models */,
				6012033D207E2379007B5416 /* Dragging Destinations */,
				6012033A207E22B7007B5416 /* Drawing */,
				60120352207E6ACC007B5416 /* Utilities */,
				60120343207E68E2007B5416 /* Default JSON */,
			);
			path = EasyAssetsBuilder;
			sourceTree = "<group>";
		};
		6012032A207E117B007B5416 /* EasyAssetsBuilderTests */ = {
			isa = PBXGroup;
			children = (
				6012032B207E117B007B5416 /* EasyAssetsBuilderTests.swift */,
				6012032D207E117B007B5416 /* Info.plist */,
			);
			path = EasyAssetsBuilderTests;
			sourceTree = "<group>";
		};
		6012033A207E22B7007B5416 /* Drawing */ = {
			isa = PBXGroup;
			children = (
				60120338207E22B4007B5416 /* RoundedRectView.swift */,
			);
			path = Drawing;
			sourceTree = "<group>";
		};
		6012033D207E2379007B5416 /* Dragging Destinations */ = {
			isa = PBXGroup;
			children = (
				6012033B207E2373007B5416 /* ImageViewController.swift */,
				6012033E207E238F007B5416 /* DestinationView.swift */,
			);
			path = "Dragging Destinations";
			sourceTree = "<group>";
		};
		60120347207E6A36007B5416 /* Models */ = {
			isa = PBXGroup;
			children = (
				60120353207E6B60007B5416 /* Models.swift */,
				60120336207E130A007B5416 /* WindowController.swift */,
				6012031A207E117A007B5416 /* Document.swift */,
				60120345207E6A2A007B5416 /* AssetBundleJSON.swift */,
			);
			path = Models;
			sourceTree = "<group>";
		};
		60120352207E6ACC007B5416 /* Utilities */ = {
			isa = PBXGroup;
			children = (
				6012034E207E6AB9007B5416 /* Assets.xcassets */,
				6012034F207E6AB9007B5416 /* EasyAssetsBuilder.entitlements */,
			);
			path = Utilities;
			sourceTree = "<group>";
		};
/* End PBXGroup section */

/* Begin PBXNativeTarget section */
		60120312207E117A007B5416 /* EasyAssetsBuilder */ = {
			isa = PBXNativeTarget;
			buildConfigurationList = 60120330207E117B007B5416 /* Build configuration list for PBXNativeTarget "EasyAssetsBuilder" */;
			buildPhases = (
				6012030F207E117A007B5416 /* Sources */,
				60120310207E117A007B5416 /* Frameworks */,
				60120311207E117A007B5416 /* Resources */,
			);
			buildRules = (
			);
			dependencies = (
			);
			name = EasyAssetsBuilder;
			productName = EasyAssetsBuilder;
			productReference = 60120313207E117A007B5416 /* EasyAssetsBuilder.app */;
			productType = "com.apple.product-type.application";
		};
		60120326207E117B007B5416 /* EasyAssetsBuilderTests */ = {
			isa = PBXNativeTarget;
			buildConfigurationList = 60120333207E117B007B5416 /* Build configuration list for PBXNativeTarget "EasyAssetsBuilderTests" */;
			buildPhases = (
				60120323207E117B007B5416 /* Sources */,
				60120324207E117B007B5416 /* Frameworks */,
				60120325207E117B007B5416 /* Resources */,
			);
			buildRules = (
			);
			dependencies = (
				60120329207E117B007B5416 /* PBXTargetDependency */,
			);
			name = EasyAssetsBuilderTests;
			productName = EasyAssetsBuilderTests;
			productReference = 60120327207E117B007B5416 /* EasyAssetsBuilderTests.xctest */;
			productType = "com.apple.product-type.bundle.unit-test";
		};
/* End PBXNativeTarget section */

/* Begin PBXProject section */
		6012030B207E117A007B5416 /* Project object */ = {
			isa = PBXProject;
			attributes = {
				LastSwiftUpdateCheck = 0930;
				LastUpgradeCheck = 0930;
				ORGANIZATIONNAME = "Sam Beedell";
				TargetAttributes = {
					60120312207E117A007B5416 = {
						CreatedOnToolsVersion = 9.3;
						SystemCapabilities = {
							com.apple.Sandbox = {
								enabled = 0;
							};
						};
					};
					60120326207E117B007B5416 = {
						CreatedOnToolsVersion = 9.3;
						TestTargetID = 60120312207E117A007B5416;
					};
				};
			};
			buildConfigurationList = 6012030E207E117A007B5416 /* Build configuration list for PBXProject "EasyAssetsBuilder" */;
			compatibilityVersion = "Xcode 9.3";
			developmentRegion = en;
			hasScannedForEncodings = 0;
			knownRegions = (
				en,
				Base,
			);
			mainGroup = 6012030A207E117A007B5416;
			productRefGroup = 60120314207E117A007B5416 /* Products */;
			projectDirPath = "";
			projectRoot = "";
			targets = (
				60120312207E117A007B5416 /* EasyAssetsBuilder */,
				60120326207E117B007B5416 /* EasyAssetsBuilderTests */,
			);
		};
/* End PBXProject section */

/* Begin PBXResourcesBuildPhase section */
		60120311207E117A007B5416 /* Resources */ = {
			isa = PBXResourcesBuildPhase;
			buildActionMask = 2147483647;
			files = (
				60120320207E117B007B5416 /* Main.storyboard in Resources */,
				60120344207E68E2007B5416 /* Default JSON in Resources */,
				60120351207E6AB9007B5416 /* Assets.xcassets in Resources */,
			);
			runOnlyForDeploymentPostprocessing = 0;
		};
		60120325207E117B007B5416 /* Resources */ = {
			isa = PBXResourcesBuildPhase;
			buildActionMask = 2147483647;
			files = (
			);
			runOnlyForDeploymentPostprocessing = 0;
		};
/* End PBXResourcesBuildPhase section */

/* Begin PBXSourcesBuildPhase section */
		6012030F207E117A007B5416 /* Sources */ = {
			isa = PBXSourcesBuildPhase;
			buildActionMask = 2147483647;
			files = (
				6012033F207E238F007B5416 /* DestinationView.swift in Sources */,
				60120337207E130A007B5416 /* WindowController.swift in Sources */,
				60120317207E117A007B5416 /* AppDelegate.swift in Sources */,
				6012031B207E117A007B5416 /* Document.swift in Sources */,
				6012033C207E2373007B5416 /* ImageViewController.swift in Sources */,
				60120339207E22B4007B5416 /* RoundedRectView.swift in Sources */,
				60120354207E6B60007B5416 /* Models.swift in Sources */,
				60120346207E6A2A007B5416 /* AssetBundleJSON.swift in Sources */,
			);
			runOnlyForDeploymentPostprocessing = 0;
		};
		60120323207E117B007B5416 /* Sources */ = {
			isa = PBXSourcesBuildPhase;
			buildActionMask = 2147483647;
			files = (
				6012032C207E117B007B5416 /* EasyAssetsBuilderTests.swift in Sources */,
			);
			runOnlyForDeploymentPostprocessing = 0;
		};
/* End PBXSourcesBuildPhase section */

/* Begin PBXTargetDependency section */
		60120329207E117B007B5416 /* PBXTargetDependency */ = {
			isa = PBXTargetDependency;
			target = 60120312207E117A007B5416 /* EasyAssetsBuilder */;
			targetProxy = 60120328207E117B007B5416 /* PBXContainerItemProxy */;
		};
/* End PBXTargetDependency section */

/* Begin PBXVariantGroup section */
		6012031E207E117B007B5416 /* Main.storyboard */ = {
			isa = PBXVariantGroup;
			children = (
				6012031F207E117B007B5416 /* Base */,
			);
			name = Main.storyboard;
			sourceTree = "<group>";
		};
/* End PBXVariantGroup section */

/* Begin XCBuildConfiguration section */
		6012032E207E117B007B5416 /* Debug */ = {
			isa = XCBuildConfiguration;
			buildSettings = {
				ALWAYS_SEARCH_USER_PATHS = NO;
				CLANG_ANALYZER_NONNULL = YES;
				CLANG_ANALYZER_NUMBER_OBJECT_CONVERSION = YES_AGGRESSIVE;
				CLANG_CXX_LANGUAGE_STANDARD = "gnu++14";
				CLANG_CXX_LIBRARY = "libc++";
				CLANG_ENABLE_MODULES = YES;
				CLANG_ENABLE_OBJC_ARC = YES;
				CLANG_ENABLE_OBJC_WEAK = YES;
				CLANG_WARN_BLOCK_CAPTURE_AUTORELEASING = YES;
				CLANG_WARN_BOOL_CONVERSION = YES;
				CLANG_WARN_COMMA = YES;
				CLANG_WARN_CONSTANT_CONVERSION = YES;
				CLANG_WARN_DEPRECATED_OBJC_IMPLEMENTATIONS = YES;
				CLANG_WARN_DIRECT_OBJC_ISA_USAGE = YES_ERROR;
				CLANG_WARN_DOCUMENTATION_COMMENTS = YES;
				CLANG_WARN_EMPTY_BODY = YES;
				CLANG_WARN_ENUM_CONVERSION = YES;
				CLANG_WARN_INFINITE_RECURSION = YES;
				CLANG_WARN_INT_CONVERSION = YES;
				CLANG_WARN_NON_LITERAL_NULL_CONVERSION = YES;
				CLANG_WARN_OBJC_IMPLICIT_RETAIN_SELF = YES;
				CLANG_WARN_OBJC_LITERAL_CONVERSION = YES;
				CLANG_WARN_OBJC_ROOT_CLASS = YES_ERROR;
				CLANG_WARN_RANGE_LOOP_ANALYSIS = YES;
				CLANG_WARN_STRICT_PROTOTYPES = YES;
				CLANG_WARN_SUSPICIOUS_MOVE = YES;
				CLANG_WARN_UNGUARDED_AVAILABILITY = YES_AGGRESSIVE;
				CLANG_WARN_UNREACHABLE_CODE = YES;
				CLANG_WARN__DUPLICATE_METHOD_MATCH = YES;
				CODE_SIGN_IDENTITY = "Mac Developer";
				COPY_PHASE_STRIP = NO;
				DEBUG_INFORMATION_FORMAT = dwarf;
				ENABLE_STRICT_OBJC_MSGSEND = YES;
				ENABLE_TESTABILITY = YES;
				GCC_C_LANGUAGE_STANDARD = gnu11;
				GCC_DYNAMIC_NO_PIC = NO;
				GCC_NO_COMMON_BLOCKS = YES;
				GCC_OPTIMIZATION_LEVEL = 0;
				GCC_PREPROCESSOR_DEFINITIONS = (
					"DEBUG=1",
					"$(inherited)",
				);
				GCC_WARN_64_TO_32_BIT_CONVERSION = YES;
				GCC_WARN_ABOUT_RETURN_TYPE = YES_ERROR;
				GCC_WARN_UNDECLARED_SELECTOR = YES;
				GCC_WARN_UNINITIALIZED_AUTOS = YES_AGGRESSIVE;
				GCC_WARN_UNUSED_FUNCTION = YES;
				GCC_WARN_UNUSED_VARIABLE = YES;
				MACOSX_DEPLOYMENT_TARGET = 10.13;
				MTL_ENABLE_DEBUG_INFO = YES;
				ONLY_ACTIVE_ARCH = YES;
				SDKROOT = macosx;
				SWIFT_ACTIVE_COMPILATION_CONDITIONS = DEBUG;
				SWIFT_OPTIMIZATION_LEVEL = "-Onone";
			};
			name = Debug;
		};
		6012032F207E117B007B5416 /* Release */ = {
			isa = XCBuildConfiguration;
			buildSettings = {
				ALWAYS_SEARCH_USER_PATHS = NO;
				CLANG_ANALYZER_NONNULL = YES;
				CLANG_ANALYZER_NUMBER_OBJECT_CONVERSION = YES_AGGRESSIVE;
				CLANG_CXX_LANGUAGE_STANDARD = "gnu++14";
				CLANG_CXX_LIBRARY = "libc++";
				CLANG_ENABLE_MODULES = YES;
				CLANG_ENABLE_OBJC_ARC = YES;
				CLANG_ENABLE_OBJC_WEAK = YES;
				CLANG_WARN_BLOCK_CAPTURE_AUTORELEASING = YES;
				CLANG_WARN_BOOL_CONVERSION = YES;
				CLANG_WARN_COMMA = YES;
				CLANG_WARN_CONSTANT_CONVERSION = YES;
				CLANG_WARN_DEPRECATED_OBJC_IMPLEMENTATIONS = YES;
				CLANG_WARN_DIRECT_OBJC_ISA_USAGE = YES_ERROR;
				CLANG_WARN_DOCUMENTATION_COMMENTS = YES;
				CLANG_WARN_EMPTY_BODY = YES;
				CLANG_WARN_ENUM_CONVERSION = YES;
				CLANG_WARN_INFINITE_RECURSION = YES;
				CLANG_WARN_INT_CONVERSION = YES;
				CLANG_WARN_NON_LITERAL_NULL_CONVERSION = YES;
				CLANG_WARN_OBJC_IMPLICIT_RETAIN_SELF = YES;
				CLANG_WARN_OBJC_LITERAL_CONVERSION = YES;
				CLANG_WARN_OBJC_ROOT_CLASS = YES_ERROR;
				CLANG_WARN_RANGE_LOOP_ANALYSIS = YES;
				CLANG_WARN_STRICT_PROTOTYPES = YES;
				CLANG_WARN_SUSPICIOUS_MOVE = YES;
				CLANG_WARN_UNGUARDED_AVAILABILITY = YES_AGGRESSIVE;
				CLANG_WARN_UNREACHABLE_CODE = YES;
				CLANG_WARN__DUPLICATE_METHOD_MATCH = YES;
				CODE_SIGN_IDENTITY = "Mac Developer";
				COPY_PHASE_STRIP = NO;
				DEBUG_INFORMATION_FORMAT = "dwarf-with-dsym";
				ENABLE_NS_ASSERTIONS = NO;
				ENABLE_STRICT_OBJC_MSGSEND = YES;
				GCC_C_LANGUAGE_STANDARD = gnu11;
				GCC_NO_COMMON_BLOCKS = YES;
				GCC_WARN_64_TO_32_BIT_CONVERSION = YES;
				GCC_WARN_ABOUT_RETURN_TYPE = YES_ERROR;
				GCC_WARN_UNDECLARED_SELECTOR = YES;
				GCC_WARN_UNINITIALIZED_AUTOS = YES_AGGRESSIVE;
				GCC_WARN_UNUSED_FUNCTION = YES;
				GCC_WARN_UNUSED_VARIABLE = YES;
				MACOSX_DEPLOYMENT_TARGET = 10.13;
				MTL_ENABLE_DEBUG_INFO = NO;
				SDKROOT = macosx;
				SWIFT_COMPILATION_MODE = wholemodule;
				SWIFT_OPTIMIZATION_LEVEL = "-O";
			};
			name = Release;
		};
		60120331207E117B007B5416 /* Debug */ = {
			isa = XCBuildConfiguration;
			buildSettings = {
				ASSETCATALOG_COMPILER_APPICON_NAME = AppIcon;
				CODE_SIGN_STYLE = Automatic;
				COMBINE_HIDPI_IMAGES = YES;
				DEVELOPMENT_TEAM = CRBZM3N9GU;
				INFOPLIST_FILE = EasyAssetsBuilder/Info.plist;
				LD_RUNPATH_SEARCH_PATHS = (
					"$(inherited)",
					"@executable_path/../Frameworks",
				);
				MACOSX_DEPLOYMENT_TARGET = 10.11;
				PRODUCT_BUNDLE_IDENTIFIER = com.projectlambda.EasyAssetsBuilder;
				PRODUCT_NAME = "$(TARGET_NAME)";
				SWIFT_VERSION = 3.0;
			};
			name = Debug;
		};
		60120332207E117B007B5416 /* Release */ = {
			isa = XCBuildConfiguration;
			buildSettings = {
				ASSETCATALOG_COMPILER_APPICON_NAME = AppIcon;
				CODE_SIGN_STYLE = Automatic;
				COMBINE_HIDPI_IMAGES = YES;
				DEVELOPMENT_TEAM = CRBZM3N9GU;
				INFOPLIST_FILE = EasyAssetsBuilder/Info.plist;
				LD_RUNPATH_SEARCH_PATHS = (
					"$(inherited)",
					"@executable_path/../Frameworks",
				);
				MACOSX_DEPLOYMENT_TARGET = 10.11;
				PRODUCT_BUNDLE_IDENTIFIER = com.projectlambda.EasyAssetsBuilder;
				PRODUCT_NAME = "$(TARGET_NAME)";
				SWIFT_VERSION = 3.0;
			};
			name = Release;
		};
		60120334207E117B007B5416 /* Debug */ = {
			isa = XCBuildConfiguration;
			buildSettings = {
				ALWAYS_EMBED_SWIFT_STANDARD_LIBRARIES = YES;
				BUNDLE_LOADER = "$(TEST_HOST)";
				CODE_SIGN_STYLE = Automatic;
				COMBINE_HIDPI_IMAGES = YES;
				DEVELOPMENT_TEAM = CRBZM3N9GU;
				INFOPLIST_FILE = EasyAssetsBuilderTests/Info.plist;
				LD_RUNPATH_SEARCH_PATHS = (
					"$(inherited)",
					"@executable_path/../Frameworks",
					"@loader_path/../Frameworks",
				);
				PRODUCT_BUNDLE_IDENTIFIER = com.projectlambda.EasyAssetsBuilderTests;
				PRODUCT_NAME = "$(TARGET_NAME)";
				SWIFT_VERSION = 4.0;
				TEST_HOST = "$(BUILT_PRODUCTS_DIR)/EasyAssetsBuilder.app/Contents/MacOS/EasyAssetsBuilder";
			};
			name = Debug;
		};
		60120335207E117B007B5416 /* Release */ = {
			isa = XCBuildConfiguration;
			buildSettings = {
				ALWAYS_EMBED_SWIFT_STANDARD_LIBRARIES = YES;
				BUNDLE_LOADER = "$(TEST_HOST)";
				CODE_SIGN_STYLE = Automatic;
				COMBINE_HIDPI_IMAGES = YES;
				DEVELOPMENT_TEAM = CRBZM3N9GU;
				INFOPLIST_FILE = EasyAssetsBuilderTests/Info.plist;
				LD_RUNPATH_SEARCH_PATHS = (
					"$(inherited)",
					"@executable_path/../Frameworks",
					"@loader_path/../Frameworks",
				);
				PRODUCT_BUNDLE_IDENTIFIER = com.projectlambda.EasyAssetsBuilderTests;
				PRODUCT_NAME = "$(TARGET_NAME)";
				SWIFT_VERSION = 4.0;
				TEST_HOST = "$(BUILT_PRODUCTS_DIR)/EasyAssetsBuilder.app/Contents/MacOS/EasyAssetsBuilder";
			};
			name = Release;
		};
/* End XCBuildConfiguration section */

/* Begin XCConfigurationList section */
		6012030E207E117A007B5416 /* Build configuration list for PBXProject "EasyAssetsBuilder" */ = {
			isa = XCConfigurationList;
			buildConfigurations = (
				6012032E207E117B007B5416 /* Debug */,
				6012032F207E117B007B5416 /* Release */,
			);
			defaultConfigurationIsVisible = 0;
			defaultConfigurationName = Release;
		};
		60120330207E117B007B5416 /* Build configuration list for PBXNativeTarget "EasyAssetsBuilder" */ = {
			isa = XCConfigurationList;
			buildConfigurations = (
				60120331207E117B007B5416 /* Debug */,
				60120332207E117B007B5416 /* Release */,
			);
			defaultConfigurationIsVisible = 0;
			defaultConfigurationName = Release;
		};
		60120333207E117B007B5416 /* Build configuration list for PBXNativeTarget "EasyAssetsBuilderTests" */ = {
			isa = XCConfigurationList;
			buildConfigurations = (
				60120334207E117B007B5416 /* Debug */,
				60120335207E117B007B5416 /* Release */,
			);
			defaultConfigurationIsVisible = 0;
			defaultConfigurationName = Release;
		};
/* End XCConfigurationList section */
	};
	rootObject = 6012030B207E117A007B5416 /* Project object */;
}
